
Microsoft Visual Studio Solution File, Format Version 12.00
# Visual Studio Version 17
VisualStudioVersion = 17.6.33815.320
MinimumVisualStudioVersion = 10.0.40219.1
Project("{FAE04EC0-301F-11D3-BF4B-00C04F79EFBC}") = "FileScanner", "FileScanner\FileScanner.csproj", "{754A4969-798F-425A-A2F0-9F18024B7285}"
EndProject
Project("{2150E333-8FDC-42A3-9474-1A3956D46DE8}") = "FileScanner.Domain", "FileScanner.Domain", "{F79EA139-CE2D-4769-B897-E2C8664A8A82}"
EndProject
Project("{FAE04EC0-301F-11D3-BF4B-00C04F79EFBC}") = "FileScanner.Domain", "FileScanner.Domain\FileScanner.Domain.csproj", "{B400AEF2-32B0-4A95-A513-729D5B027F44}"
EndProject
Global
	GlobalSection(SolutionConfigurationPlatforms) = preSolution
		Debug|Any CPU = Debug|Any CPU
		Release|Any CPU = Release|Any CPU
	EndGlobalSection
	GlobalSection(ProjectConfigurationPlatforms) = postSolution
		{754A4969-798F-425A-A2F0-9F18024B7285}.Debug|Any CPU.ActiveCfg = Debug|Any CPU
		{754A4969-798F-425A-A2F0-9F18024B7285}.Debug|Any CPU.Build.0 = Debug|Any CPU
		{754A4969-798F-425A-A2F0-9F18024B7285}.Release|Any CPU.ActiveCfg = Release|Any CPU
		{754A4969-798F-425A-A2F0-9F18024B7285}.Release|Any CPU.Build.0 = Release|Any CPU
		{B400AEF2-32B0-4A95-A513-729D5B027F44}.Debug|Any CPU.ActiveCfg = Debug|Any CPU
		{B400AEF2-32B0-4A95-A513-729D5B027F44}.Debug|Any CPU.Build.0 = Debug|Any CPU
		{B400AEF2-32B0-4A95-A513-729D5B027F44}.Release|Any CPU.ActiveCfg = Release|Any CPU
		{B400AEF2-32B0-4A95-A513-729D5B027F44}.Release|Any CPU.Build.0 = Release|Any CPU
	EndGlobalSection
	GlobalSection(SolutionProperties) = preSolution
		HideSolutionNode = FALSE
	EndGlobalSection
	GlobalSection(NestedProjects) = preSolution
		{B400AEF2-32B0-4A95-A513-729D5B027F44} = {F79EA139-CE2D-4769-B897-E2C8664A8A82}
	EndGlobalSection
	GlobalSection(ExtensibilityGlobals) = postSolution
		SolutionGuid = {56D59E56-E18F-48B4-B5F3-3A9C6B037AAD}
	EndGlobalSection
EndGlobal
